
Microsoft Visual Studio Solution File, Format Version 12.00
# Visual Studio Version 16
VisualStudioVersion = 16.0.29519.87
MinimumVisualStudioVersion = 10.0.40219.1
Project("{FAE04EC0-301F-11D3-BF4B-00C04F79EFBC}") = "EmployeePortal", "EmployeePortal.csproj", "{FA601652-F0A9-4E85-9229-D3EC7C4FF47A}"
EndProject
Project("{FAE04EC0-301F-11D3-BF4B-00C04F79EFBC}") = "EmployeePortalV1.WebAPI", "..\EmployeePortalV1.WebAPI\EmployeePortalV1.WebAPI.csproj", "{2C6B34B5-681F-4562-8B02-F367C88F287F}"
EndProject
Project("{FAE04EC0-301F-11D3-BF4B-00C04F79EFBC}") = "EmployeePortal.Models", "..\EmployeePortal.Models\EmployeePortal.Models.csproj", "{31AFC895-DE59-49EF-B920-41905D820880}"
EndProject
Global
	GlobalSection(SolutionConfigurationPlatforms) = preSolution
		Debug|Any CPU = Debug|Any CPU
		Release|Any CPU = Release|Any CPU
	EndGlobalSection
	GlobalSection(ProjectConfigurationPlatforms) = postSolution
		{FA601652-F0A9-4E85-9229-D3EC7C4FF47A}.Debug|Any CPU.ActiveCfg = Debug|Any CPU
		{FA601652-F0A9-4E85-9229-D3EC7C4FF47A}.Debug|Any CPU.Build.0 = Debug|Any CPU
		{FA601652-F0A9-4E85-9229-D3EC7C4FF47A}.Release|Any CPU.ActiveCfg = Release|Any CPU
		{FA601652-F0A9-4E85-9229-D3EC7C4FF47A}.Release|Any CPU.Build.0 = Release|Any CPU
		{2C6B34B5-681F-4562-8B02-F367C88F287F}.Debug|Any CPU.ActiveCfg = Debug|Any CPU
		{2C6B34B5-681F-4562-8B02-F367C88F287F}.Debug|Any CPU.Build.0 = Debug|Any CPU
		{2C6B34B5-681F-4562-8B02-F367C88F287F}.Release|Any CPU.ActiveCfg = Release|Any CPU
		{2C6B34B5-681F-4562-8B02-F367C88F287F}.Release|Any CPU.Build.0 = Release|Any CPU
		{31AFC895-DE59-49EF-B920-41905D820880}.Debug|Any CPU.ActiveCfg = Debug|Any CPU
		{31AFC895-DE59-49EF-B920-41905D820880}.Debug|Any CPU.Build.0 = Debug|Any CPU
		{31AFC895-DE59-49EF-B920-41905D820880}.Release|Any CPU.ActiveCfg = Release|Any CPU
		{31AFC895-DE59-49EF-B920-41905D820880}.Release|Any CPU.Build.0 = Release|Any CPU
	EndGlobalSection
	GlobalSection(SolutionProperties) = preSolution
		HideSolutionNode = FALSE
	EndGlobalSection
	GlobalSection(ExtensibilityGlobals) = postSolution
		SolutionGuid = {240170CD-208C-48F9-B606-F98ECD253E6F}
	EndGlobalSection
EndGlobal
